uuid: 41b487ff-08fc-47fd-82d1-448c11cd5edb
langcode: en
status: true
dependencies:
  content:
    - 'block_content:subscription_gmap_block:6e964311-02fb-41aa-9421-813b88ff5b73'
  module:
    - block_content
    - system
  theme:
    - drupalastic
id: subscriptionmapblock
theme: drupalastic
region: subscriptionmap
weight: -7
provider: null
plugin: 'block_content:6e964311-02fb-41aa-9421-813b88ff5b73'
settings:
  id: 'block_content:6e964311-02fb-41aa-9421-813b88ff5b73'
  label: subscription-map-block
  provider: block_content
  label_display: '0'
  status: true
  info: ''
  view_mode: full
visibility:
  request_path:
    id: request_path
    pages: '<front>'
    negate: false
    context_mapping: {  }
